// !$*UTF8*$!
{
	archiveVersion = 1;
	classes = {
	};
	objectVersion = 55;
	objects = {

/* Begin PBXBuildFile section */
		125E410C283A41AA12150E1F /* Pods_busan_iosTests.framework in Frameworks */ = {isa = PBXBuildFile; fileRef = 1F808DA8F87FC8DDD2A30A00 /* Pods_busan_iosTests.framework */; };
		3C9823D9BB443799A4E9D60B /* Pods_busan_ios.framework in Frameworks */ = {isa = PBXBuildFile; fileRef = 5449B44B72D5A027ED27334F /* Pods_busan_ios.framework */; };
		B944CE97B7E6E0C790ED135B /* Pods_busan_ios_busan_iosUITests.framework in Frameworks */ = {isa = PBXBuildFile; fileRef = C33A695C9CC981AB9F5EFE08 /* Pods_busan_ios_busan_iosUITests.framework */; };
		C5404655284DA53D008D9B7E /* MovieCell.swift in Sources */ = {isa = PBXBuildFile; fileRef = C5404654284DA53D008D9B7E /* MovieCell.swift */; };
		C5404658284DABEE008D9B7E /* AlamofireImage in Frameworks */ = {isa = PBXBuildFile; productRef = C5404657284DABEE008D9B7E /* AlamofireImage */; };
		C5BB076B28499AA800E60157 /* AppDelegate.swift in Sources */ = {isa = PBXBuildFile; fileRef = C5BB076A28499AA800E60157 /* AppDelegate.swift */; };
		C5BB076D28499AA800E60157 /* SceneDelegate.swift in Sources */ = {isa = PBXBuildFile; fileRef = C5BB076C28499AA800E60157 /* SceneDelegate.swift */; };
		C5BB076F28499AA800E60157 /* ViewController.swift in Sources */ = {isa = PBXBuildFile; fileRef = C5BB076E28499AA800E60157 /* ViewController.swift */; };
		C5BB077228499AA800E60157 /* Main.storyboard in Resources */ = {isa = PBXBuildFile; fileRef = C5BB077028499AA800E60157 /* Main.storyboard */; };
		C5BB077528499AA800E60157 /* busan_ios.xcdatamodeld in Sources */ = {isa = PBXBuildFile; fileRef = C5BB077328499AA800E60157 /* busan_ios.xcdatamodeld */; };
		C5BB077728499AAA00E60157 /* Assets.xcassets in Resources */ = {isa = PBXBuildFile; fileRef = C5BB077628499AAA00E60157 /* Assets.xcassets */; };
		C5BB077A28499AAA00E60157 /* LaunchScreen.storyboard in Resources */ = {isa = PBXBuildFile; fileRef = C5BB077828499AAA00E60157 /* LaunchScreen.storyboard */; };
		C5BB078528499AAA00E60157 /* busan_iosTests.swift in Sources */ = {isa = PBXBuildFile; fileRef = C5BB078428499AAA00E60157 /* busan_iosTests.swift */; };
		C5BB078F28499AAA00E60157 /* busan_iosUITests.swift in Sources */ = {isa = PBXBuildFile; fileRef = C5BB078E28499AAA00E60157 /* busan_iosUITests.swift */; };
		C5BB079128499AAA00E60157 /* busan_iosUITestsLaunchTests.swift in Sources */ = {isa = PBXBuildFile; fileRef = C5BB079028499AAA00E60157 /* busan_iosUITestsLaunchTests.swift */; };
/* End PBXBuildFile section */

/* Begin PBXContainerItemProxy section */
		C5BB078128499AAA00E60157 /* PBXContainerItemProxy */ = {
			isa = PBXContainerItemProxy;
			containerPortal = C5BB075F28499AA800E60157 /* Project object */;
			proxyType = 1;
			remoteGlobalIDString = C5BB076628499AA800E60157;
			remoteInfo = busan.ios;
		};
		C5BB078B28499AAA00E60157 /* PBXContainerItemProxy */ = {
			isa = PBXContainerItemProxy;
			containerPortal = C5BB075F28499AA800E60157 /* Project object */;
			proxyType = 1;
			remoteGlobalIDString = C5BB076628499AA800E60157;
			remoteInfo = busan.ios;
		};
/* End PBXContainerItemProxy section */

/* Begin PBXFileReference section */
		03E51F75F9303A15AFFBC90A /* Pods-busan.ios-busan.iosUITests.debug.xcconfig */ = {isa = PBXFileReference; includeInIndex = 1; lastKnownFileType = text.xcconfig; name = "Pods-busan.ios-busan.iosUITests.debug.xcconfig"; path = "Target Support Files/Pods-busan.ios-busan.iosUITests/Pods-busan.ios-busan.iosUITests.debug.xcconfig"; sourceTree = "<group>"; };
		12E51CF3034F791DB3DFB09F /* Pods-busan.ios.debug.xcconfig */ = {isa = PBXFileReference; includeInIndex = 1; lastKnownFileType = text.xcconfig; name = "Pods-busan.ios.debug.xcconfig"; path = "Target Support Files/Pods-busan.ios/Pods-busan.ios.debug.xcconfig"; sourceTree = "<group>"; };
		1F808DA8F87FC8DDD2A30A00 /* Pods_busan_iosTests.framework */ = {isa = PBXFileReference; explicitFileType = wrapper.framework; includeInIndex = 0; path = Pods_busan_iosTests.framework; sourceTree = BUILT_PRODUCTS_DIR; };
		5449B44B72D5A027ED27334F /* Pods_busan_ios.framework */ = {isa = PBXFileReference; explicitFileType = wrapper.framework; includeInIndex = 0; path = Pods_busan_ios.framework; sourceTree = BUILT_PRODUCTS_DIR; };
		6123B472B93D03CA018CD77C /* Pods-busan.ios-busan.iosUITests.release.xcconfig */ = {isa = PBXFileReference; includeInIndex = 1; lastKnownFileType = text.xcconfig; name = "Pods-busan.ios-busan.iosUITests.release.xcconfig"; path = "Target Support Files/Pods-busan.ios-busan.iosUITests/Pods-busan.ios-busan.iosUITests.release.xcconfig"; sourceTree = "<group>"; };
		929477897B215F7ADBDFBBD1 /* Pods-busan.iosTests.debug.xcconfig */ = {isa = PBXFileReference; includeInIndex = 1; lastKnownFileType = text.xcconfig; name = "Pods-busan.iosTests.debug.xcconfig"; path = "Target Support Files/Pods-busan.iosTests/Pods-busan.iosTests.debug.xcconfig"; sourceTree = "<group>"; };
		BE24C836F4E3E9D3BE07F407 /* Pods-busan.ios.release.xcconfig */ = {isa = PBXFileReference; includeInIndex = 1; lastKnownFileType = text.xcconfig; name = "Pods-busan.ios.release.xcconfig"; path = "Target Support Files/Pods-busan.ios/Pods-busan.ios.release.xcconfig"; sourceTree = "<group>"; };
		C33A695C9CC981AB9F5EFE08 /* Pods_busan_ios_busan_iosUITests.framework */ = {isa = PBXFileReference; explicitFileType = wrapper.framework; includeInIndex = 0; path = Pods_busan_ios_busan_iosUITests.framework; sourceTree = BUILT_PRODUCTS_DIR; };
		C5404654284DA53D008D9B7E /* MovieCell.swift */ = {isa = PBXFileReference; lastKnownFileType = sourcecode.swift; path = MovieCell.swift; sourceTree = "<group>"; };
		C5BB076728499AA800E60157 /* busan.ios.app */ = {isa = PBXFileReference; explicitFileType = wrapper.application; includeInIndex = 0; path = busan.ios.app; sourceTree = BUILT_PRODUCTS_DIR; };
		C5BB076A28499AA800E60157 /* AppDelegate.swift */ = {isa = PBXFileReference; lastKnownFileType = sourcecode.swift; path = AppDelegate.swift; sourceTree = "<group>"; };
		C5BB076C28499AA800E60157 /* SceneDelegate.swift */ = {isa = PBXFileReference; lastKnownFileType = sourcecode.swift; path = SceneDelegate.swift; sourceTree = "<group>"; };
		C5BB076E28499AA800E60157 /* ViewController.swift */ = {isa = PBXFileReference; lastKnownFileType = sourcecode.swift; path = ViewController.swift; sourceTree = "<group>"; };
		C5BB077128499AA800E60157 /* Base */ = {isa = PBXFileReference; lastKnownFileType = file.storyboard; name = Base; path = Base.lproj/Main.storyboard; sourceTree = "<group>"; };
		C5BB077428499AA800E60157 /* busan_ios.xcdatamodel */ = {isa = PBXFileReference; lastKnownFileType = wrapper.xcdatamodel; path = busan_ios.xcdatamodel; sourceTree = "<group>"; };
		C5BB077628499AAA00E60157 /* Assets.xcassets */ = {isa = PBXFileReference; lastKnownFileType = folder.assetcatalog; path = Assets.xcassets; sourceTree = "<group>"; };
		C5BB077928499AAA00E60157 /* Base */ = {isa = PBXFileReference; lastKnownFileType = file.storyboard; name = Base; path = Base.lproj/LaunchScreen.storyboard; sourceTree = "<group>"; };
		C5BB077B28499AAA00E60157 /* Info.plist */ = {isa = PBXFileReference; lastKnownFileType = text.plist.xml; path = Info.plist; sourceTree = "<group>"; };
		C5BB078028499AAA00E60157 /* busan.iosTests.xctest */ = {isa = PBXFileReference; explicitFileType = wrapper.cfbundle; includeInIndex = 0; path = busan.iosTests.xctest; sourceTree = BUILT_PRODUCTS_DIR; };
		C5BB078428499AAA00E60157 /* busan_iosTests.swift */ = {isa = PBXFileReference; lastKnownFileType = sourcecode.swift; path = busan_iosTests.swift; sourceTree = "<group>"; };
		C5BB078A28499AAA00E60157 /* busan.iosUITests.xctest */ = {isa = PBXFileReference; explicitFileType = wrapper.cfbundle; includeInIndex = 0; path = busan.iosUITests.xctest; sourceTree = BUILT_PRODUCTS_DIR; };
		C5BB078E28499AAA00E60157 /* busan_iosUITests.swift */ = {isa = PBXFileReference; lastKnownFileType = sourcecode.swift; path = busan_iosUITests.swift; sourceTree = "<group>"; };
		C5BB079028499AAA00E60157 /* busan_iosUITestsLaunchTests.swift */ = {isa = PBXFileReference; lastKnownFileType = sourcecode.swift; path = busan_iosUITestsLaunchTests.swift; sourceTree = "<group>"; };
		F838A7A0257DC9B4C881793C /* Pods-busan.iosTests.release.xcconfig */ = {isa = PBXFileReference; includeInIndex = 1; lastKnownFileType = text.xcconfig; name = "Pods-busan.iosTests.release.xcconfig"; path = "Target Support Files/Pods-busan.iosTests/Pods-busan.iosTests.release.xcconfig"; sourceTree = "<group>"; };
/* End PBXFileReference section */

/* Begin PBXFrameworksBuildPhase section */
		C5BB076428499AA800E60157 /* Frameworks */ = {
			isa = PBXFrameworksBuildPhase;
			buildActionMask = 2147483647;
			files = (
				C5404658284DABEE008D9B7E /* AlamofireImage in Frameworks */,
				3C9823D9BB443799A4E9D60B /* Pods_busan_ios.framework in Frameworks */,
			);
			runOnlyForDeploymentPostprocessing = 0;
		};
		C5BB077D28499AAA00E60157 /* Frameworks */ = {
			isa = PBXFrameworksBuildPhase;
			buildActionMask = 2147483647;
			files = (
				125E410C283A41AA12150E1F /* Pods_busan_iosTests.framework in Frameworks */,
			);
			runOnlyForDeploymentPostprocessing = 0;
		};
		C5BB078728499AAA00E60157 /* Frameworks */ = {
			isa = PBXFrameworksBuildPhase;
			buildActionMask = 2147483647;
			files = (
				B944CE97B7E6E0C790ED135B /* Pods_busan_ios_busan_iosUITests.framework in Frameworks */,
			);
			runOnlyForDeploymentPostprocessing = 0;
		};
/* End PBXFrameworksBuildPhase section */

/* Begin PBXGroup section */
		4518D35E8718600EAA6A5FC3 /* Frameworks */ = {
			isa = PBXGroup;
			children = (
				5449B44B72D5A027ED27334F /* Pods_busan_ios.framework */,
				C33A695C9CC981AB9F5EFE08 /* Pods_busan_ios_busan_iosUITests.framework */,
				1F808DA8F87FC8DDD2A30A00 /* Pods_busan_iosTests.framework */,
			);
			name = Frameworks;
			sourceTree = "<group>";
		};
		53A3058DB744011D4FF9B214 /* Pods */ = {
			isa = PBXGroup;
			children = (
				12E51CF3034F791DB3DFB09F /* Pods-busan.ios.debug.xcconfig */,
				BE24C836F4E3E9D3BE07F407 /* Pods-busan.ios.release.xcconfig */,
				03E51F75F9303A15AFFBC90A /* Pods-busan.ios-busan.iosUITests.debug.xcconfig */,
				6123B472B93D03CA018CD77C /* Pods-busan.ios-busan.iosUITests.release.xcconfig */,
				929477897B215F7ADBDFBBD1 /* Pods-busan.iosTests.debug.xcconfig */,
				F838A7A0257DC9B4C881793C /* Pods-busan.iosTests.release.xcconfig */,
			);
			path = Pods;
			sourceTree = "<group>";
		};
		C5BB075E28499AA800E60157 = {
			isa = PBXGroup;
			children = (
				C5BB076928499AA800E60157 /* busan.ios */,
				C5BB078328499AAA00E60157 /* busan.iosTests */,
				C5BB078D28499AAA00E60157 /* busan.iosUITests */,
				C5BB076828499AA800E60157 /* Products */,
				53A3058DB744011D4FF9B214 /* Pods */,
				4518D35E8718600EAA6A5FC3 /* Frameworks */,
			);
			sourceTree = "<group>";
		};
		C5BB076828499AA800E60157 /* Products */ = {
			isa = PBXGroup;
			children = (
				C5BB076728499AA800E60157 /* busan.ios.app */,
				C5BB078028499AAA00E60157 /* busan.iosTests.xctest */,
				C5BB078A28499AAA00E60157 /* busan.iosUITests.xctest */,
			);
			name = Products;
			sourceTree = "<group>";
		};
		C5BB076928499AA800E60157 /* busan.ios */ = {
			isa = PBXGroup;
			children = (
				C5BB076A28499AA800E60157 /* AppDelegate.swift */,
				C5BB076C28499AA800E60157 /* SceneDelegate.swift */,
				C5BB076E28499AA800E60157 /* ViewController.swift */,
				C5BB077028499AA800E60157 /* Main.storyboard */,
				C5404654284DA53D008D9B7E /* MovieCell.swift */,
				C5BB077628499AAA00E60157 /* Assets.xcassets */,
				C5BB077828499AAA00E60157 /* LaunchScreen.storyboard */,
				C5BB077B28499AAA00E60157 /* Info.plist */,
				C5BB077328499AA800E60157 /* busan_ios.xcdatamodeld */,
			);
			path = busan.ios;
			sourceTree = "<group>";
		};
		C5BB078328499AAA00E60157 /* busan.iosTests */ = {
			isa = PBXGroup;
			children = (
				C5BB078428499AAA00E60157 /* busan_iosTests.swift */,
			);
			path = busan.iosTests;
			sourceTree = "<group>";
		};
		C5BB078D28499AAA00E60157 /* busan.iosUITests */ = {
			isa = PBXGroup;
			children = (
				C5BB078E28499AAA00E60157 /* busan_iosUITests.swift */,
				C5BB079028499AAA00E60157 /* busan_iosUITestsLaunchTests.swift */,
			);
			path = busan.iosUITests;
			sourceTree = "<group>";
		};
/* End PBXGroup section */

/* Begin PBXNativeTarget section */
		C5BB076628499AA800E60157 /* busan.ios */ = {
			isa = PBXNativeTarget;
			buildConfigurationList = C5BB079428499AAA00E60157 /* Build configuration list for PBXNativeTarget "busan.ios" */;
			buildPhases = (
				F0C2ACAB253BE671BAD06769 /* [CP] Check Pods Manifest.lock */,
				C5BB076328499AA800E60157 /* Sources */,
				C5BB076428499AA800E60157 /* Frameworks */,
				C5BB076528499AA800E60157 /* Resources */,
				2460A367E6ABA69CE04A9716 /* [CP] Embed Pods Frameworks */,
			);
			buildRules = (
			);
			dependencies = (
			);
			name = busan.ios;
			packageProductDependencies = (
				C5404657284DABEE008D9B7E /* AlamofireImage */,
			);
			productName = busan.ios;
			productReference = C5BB076728499AA800E60157 /* busan.ios.app */;
			productType = "com.apple.product-type.application";
		};
		C5BB077F28499AAA00E60157 /* busan.iosTests */ = {
			isa = PBXNativeTarget;
			buildConfigurationList = C5BB079728499AAA00E60157 /* Build configuration list for PBXNativeTarget "busan.iosTests" */;
			buildPhases = (
				305B6F99E085E5A06A028C5D /* [CP] Check Pods Manifest.lock */,
				C5BB077C28499AAA00E60157 /* Sources */,
				C5BB077D28499AAA00E60157 /* Frameworks */,
				C5BB077E28499AAA00E60157 /* Resources */,
			);
			buildRules = (
			);
			dependencies = (
				C5BB078228499AAA00E60157 /* PBXTargetDependency */,
			);
			name = busan.iosTests;
			productName = busan.iosTests;
			productReference = C5BB078028499AAA00E60157 /* busan.iosTests.xctest */;
			productType = "com.apple.product-type.bundle.unit-test";
		};
		C5BB078928499AAA00E60157 /* busan.iosUITests */ = {
			isa = PBXNativeTarget;
			buildConfigurationList = C5BB079A28499AAA00E60157 /* Build configuration list for PBXNativeTarget "busan.iosUITests" */;
			buildPhases = (
				913603FFA51F01C71945433F /* [CP] Check Pods Manifest.lock */,
				C5BB078628499AAA00E60157 /* Sources */,
				C5BB078728499AAA00E60157 /* Frameworks */,
				C5BB078828499AAA00E60157 /* Resources */,
				00CE3A55D0812AAF1873DDA4 /* [CP] Embed Pods Frameworks */,
			);
			buildRules = (
			);
			dependencies = (
				C5BB078C28499AAA00E60157 /* PBXTargetDependency */,
			);
			name = busan.iosUITests;
			productName = busan.iosUITests;
			productReference = C5BB078A28499AAA00E60157 /* busan.iosUITests.xctest */;
			productType = "com.apple.product-type.bundle.ui-testing";
		};
/* End PBXNativeTarget section */

/* Begin PBXProject section */
		C5BB075F28499AA800E60157 /* Project object */ = {
			isa = PBXProject;
			attributes = {
				BuildIndependentTargetsInParallel = 1;
				LastSwiftUpdateCheck = 1340;
				LastUpgradeCheck = 1340;
				TargetAttributes = {
					C5BB076628499AA800E60157 = {
						CreatedOnToolsVersion = 13.4;
					};
					C5BB077F28499AAA00E60157 = {
						CreatedOnToolsVersion = 13.4;
						TestTargetID = C5BB076628499AA800E60157;
					};
					C5BB078928499AAA00E60157 = {
						CreatedOnToolsVersion = 13.4;
						TestTargetID = C5BB076628499AA800E60157;
					};
				};
			};
			buildConfigurationList = C5BB076228499AA800E60157 /* Build configuration list for PBXProject "busan.ios" */;
			compatibilityVersion = "Xcode 13.0";
			developmentRegion = en;
			hasScannedForEncodings = 0;
			knownRegions = (
				en,
				Base,
			);
			mainGroup = C5BB075E28499AA800E60157;
			packageReferences = (
				C5404656284DABEE008D9B7E /* XCRemoteSwiftPackageReference "AlamofireImage" */,
			);
			productRefGroup = C5BB076828499AA800E60157 /* Products */;
			projectDirPath = "";
			projectRoot = "";
			targets = (
				C5BB076628499AA800E60157 /* busan.ios */,
				C5BB077F28499AAA00E60157 /* busan.iosTests */,
				C5BB078928499AAA00E60157 /* busan.iosUITests */,
			);
		};
/* End PBXProject section */

/* Begin PBXResourcesBuildPhase section */
		C5BB076528499AA800E60157 /* Resources */ = {
			isa = PBXResourcesBuildPhase;
			buildActionMask = 2147483647;
			files = (
				C5BB077A28499AAA00E60157 /* LaunchScreen.storyboard in Resources */,
				C5BB077728499AAA00E60157 /* Assets.xcassets in Resources */,
				C5BB077228499AA800E60157 /* Main.storyboard in Resources */,
			);
			runOnlyForDeploymentPostprocessing = 0;
		};
		C5BB077E28499AAA00E60157 /* Resources */ = {
			isa = PBXResourcesBuildPhase;
			buildActionMask = 2147483647;
			files = (
			);
			runOnlyForDeploymentPostprocessing = 0;
		};
		C5BB078828499AAA00E60157 /* Resources */ = {
			isa = PBXResourcesBuildPhase;
			buildActionMask = 2147483647;
			files = (
			);
			runOnlyForDeploymentPostprocessing = 0;
		};
/* End PBXResourcesBuildPhase section */

/* Begin PBXShellScriptBuildPhase section */
		00CE3A55D0812AAF1873DDA4 /* [CP] Embed Pods Frameworks */ = {
			isa = PBXShellScriptBuildPhase;
			buildActionMask = 2147483647;
			files = (
			);
			inputFileListPaths = (
				"${PODS_ROOT}/Target Support Files/Pods-busan.ios-busan.iosUITests/Pods-busan.ios-busan.iosUITests-frameworks-${CONFIGURATION}-input-files.xcfilelist",
			);
			name = "[CP] Embed Pods Frameworks";
			outputFileListPaths = (
				"${PODS_ROOT}/Target Support Files/Pods-busan.ios-busan.iosUITests/Pods-busan.ios-busan.iosUITests-frameworks-${CONFIGURATION}-output-files.xcfilelist",
			);
			runOnlyForDeploymentPostprocessing = 0;
			shellPath = /bin/sh;
			shellScript = "\"${PODS_ROOT}/Target Support Files/Pods-busan.ios-busan.iosUITests/Pods-busan.ios-busan.iosUITests-frameworks.sh\"\n";
			showEnvVarsInLog = 0;
		};
		2460A367E6ABA69CE04A9716 /* [CP] Embed Pods Frameworks */ = {
			isa = PBXShellScriptBuildPhase;
			buildActionMask = 2147483647;
			files = (
			);
			inputFileListPaths = (
				"${PODS_ROOT}/Target Support Files/Pods-busan.ios/Pods-busan.ios-frameworks-${CONFIGURATION}-input-files.xcfilelist",
			);
			name = "[CP] Embed Pods Frameworks";
			outputFileListPaths = (
				"${PODS_ROOT}/Target Support Files/Pods-busan.ios/Pods-busan.ios-frameworks-${CONFIGURATION}-output-files.xcfilelist",
			);
			runOnlyForDeploymentPostprocessing = 0;
			shellPath = /bin/sh;
			shellScript = "\"${PODS_ROOT}/Target Support Files/Pods-busan.ios/Pods-busan.ios-frameworks.sh\"\n";
			showEnvVarsInLog = 0;
		};
		305B6F99E085E5A06A028C5D /* [CP] Check Pods Manifest.lock */ = {
			isa = PBXShellScriptBuildPhase;
			buildActionMask = 2147483647;
			files = (
			);
			inputFileListPaths = (
			);
			inputPaths = (
				"${PODS_PODFILE_DIR_PATH}/Podfile.lock",
				"${PODS_ROOT}/Manifest.lock",
			);
			name = "[CP] Check Pods Manifest.lock";
			outputFileListPaths = (
			);
			outputPaths = (
				"$(DERIVED_FILE_DIR)/Pods-busan.iosTests-checkManifestLockResult.txt",
			);
			runOnlyForDeploymentPostprocessing = 0;
			shellPath = /bin/sh;
			shellScript = "diff \"${PODS_PODFILE_DIR_PATH}/Podfile.lock\" \"${PODS_ROOT}/Manifest.lock\" > /dev/null\nif [ $? != 0 ] ; then\n    # print error to STDERR\n    echo \"error: The sandbox is not in sync with the Podfile.lock. Run 'pod install' or update your CocoaPods installation.\" >&2\n    exit 1\nfi\n# This output is used by Xcode 'outputs' to avoid re-running this script phase.\necho \"SUCCESS\" > \"${SCRIPT_OUTPUT_FILE_0}\"\n";
			showEnvVarsInLog = 0;
		};
		913603FFA51F01C71945433F /* [CP] Check Pods Manifest.lock */ = {
			isa = PBXShellScriptBuildPhase;
			buildActionMask = 2147483647;
			files = (
			);
			inputFileListPaths = (
			);
			inputPaths = (
				"${PODS_PODFILE_DIR_PATH}/Podfile.lock",
				"${PODS_ROOT}/Manifest.lock",
			);
			name = "[CP] Check Pods Manifest.lock";
			outputFileListPaths = (
			);
			outputPaths = (
				"$(DERIVED_FILE_DIR)/Pods-busan.ios-busan.iosUITests-checkManifestLockResult.txt",
			);
			runOnlyForDeploymentPostprocessing = 0;
			shellPath = /bin/sh;
			shellScript = "diff \"${PODS_PODFILE_DIR_PATH}/Podfile.lock\" \"${PODS_ROOT}/Manifest.lock\" > /dev/null\nif [ $? != 0 ] ; then\n    # print error to STDERR\n    echo \"error: The sandbox is not in sync with the Podfile.lock. Run 'pod install' or update your CocoaPods installation.\" >&2\n    exit 1\nfi\n# This output is used by Xcode 'outputs' to avoid re-running this script phase.\necho \"SUCCESS\" > \"${SCRIPT_OUTPUT_FILE_0}\"\n";
			showEnvVarsInLog = 0;
		};
		F0C2ACAB253BE671BAD06769 /* [CP] Check Pods Manifest.lock */ = {
			isa = PBXShellScriptBuildPhase;
			buildActionMask = 2147483647;
			files = (
			);
			inputFileListPaths = (
			);
			inputPaths = (
				"${PODS_PODFILE_DIR_PATH}/Podfile.lock",
				"${PODS_ROOT}/Manifest.lock",
			);
			name = "[CP] Check Pods Manifest.lock";
			outputFileListPaths = (
			);
			outputPaths = (
				"$(DERIVED_FILE_DIR)/Pods-busan.ios-checkManifestLockResult.txt",
			);
			runOnlyForDeploymentPostprocessing = 0;
			shellPath = /bin/sh;
			shellScript = "diff \"${PODS_PODFILE_DIR_PATH}/Podfile.lock\" \"${PODS_ROOT}/Manifest.lock\" > /dev/null\nif [ $? != 0 ] ; then\n    # print error to STDERR\n    echo \"error: The sandbox is not in sync with the Podfile.lock. Run 'pod install' or update your CocoaPods installation.\" >&2\n    exit 1\nfi\n# This output is used by Xcode 'outputs' to avoid re-running this script phase.\necho \"SUCCESS\" > \"${SCRIPT_OUTPUT_FILE_0}\"\n";
			showEnvVarsInLog = 0;
		};
/* End PBXShellScriptBuildPhase section */

/* Begin PBXSourcesBuildPhase section */
		C5BB076328499AA800E60157 /* Sources */ = {
			isa = PBXSourcesBuildPhase;
			buildActionMask = 2147483647;
			files = (
				C5BB076F28499AA800E60157 /* ViewController.swift in Sources */,
				C5BB077528499AA800E60157 /* busan_ios.xcdatamodeld in Sources */,
				C5BB076B28499AA800E60157 /* AppDelegate.swift in Sources */,
				C5404655284DA53D008D9B7E /* MovieCell.swift in Sources */,
				C5BB076D28499AA800E60157 /* SceneDelegate.swift in Sources */,
			);
			runOnlyForDeploymentPostprocessing = 0;
		};
		C5BB077C28499AAA00E60157 /* Sources */ = {
			isa = PBXSourcesBuildPhase;
			buildActionMask = 2147483647;
			files = (
				C5BB078528499AAA00E60157 /* busan_iosTests.swift in Sources */,
			);
			runOnlyForDeploymentPostprocessing = 0;
		};
		C5BB078628499AAA00E60157 /* Sources */ = {
			isa = PBXSourcesBuildPhase;
			buildActionMask = 2147483647;
			files = (
				C5BB079128499AAA00E60157 /* busan_iosUITestsLaunchTests.swift in Sources */,
				C5BB078F28499AAA00E60157 /* busan_iosUITests.swift in Sources */,
			);
			runOnlyForDeploymentPostprocessing = 0;
		};
/* End PBXSourcesBuildPhase section */

/* Begin PBXTargetDependency section */
		C5BB078228499AAA00E60157 /* PBXTargetDependency */ = {
			isa = PBXTargetDependency;
			target = C5BB076628499AA800E60157 /* busan.ios */;
			targetProxy = C5BB078128499AAA00E60157 /* PBXContainerItemProxy */;
		};
		C5BB078C28499AAA00E60157 /* PBXTargetDependency */ = {
			isa = PBXTargetDependency;
			target = C5BB076628499AA800E60157 /* busan.ios */;
			targetProxy = C5BB078B28499AAA00E60157 /* PBXContainerItemProxy */;
		};
/* End PBXTargetDependency section */

/* Begin PBXVariantGroup section */
		C5BB077028499AA800E60157 /* Main.storyboard */ = {
			isa = PBXVariantGroup;
			children = (
				C5BB077128499AA800E60157 /* Base */,
			);
			name = Main.storyboard;
			sourceTree = "<group>";
		};
		C5BB077828499AAA00E60157 /* LaunchScreen.storyboard */ = {
			isa = PBXVariantGroup;
			children = (
				C5BB077928499AAA00E60157 /* Base */,
			);
			name = LaunchScreen.storyboard;
			sourceTree = "<group>";
		};
/* End PBXVariantGroup section */

/* Begin XCBuildConfiguration section */
		C5BB079228499AAA00E60157 /* Debug */ = {
			isa = XCBuildConfiguration;
			buildSettings = {
				ALWAYS_SEARCH_USER_PATHS = NO;
				CLANG_ANALYZER_NONNULL = YES;
				CLANG_ANALYZER_NUMBER_OBJECT_CONVERSION = YES_AGGRESSIVE;
				CLANG_CXX_LANGUAGE_STANDARD = "gnu++17";
				CLANG_ENABLE_MODULES = YES;
				CLANG_ENABLE_OBJC_ARC = YES;
				CLANG_ENABLE_OBJC_WEAK = YES;
				CLANG_WARN_BLOCK_CAPTURE_AUTORELEASING = YES;
				CLANG_WARN_BOOL_CONVERSION = YES;
				CLANG_WARN_COMMA = YES;
				CLANG_WARN_CONSTANT_CONVERSION = YES;
				CLANG_WARN_DEPRECATED_OBJC_IMPLEMENTATIONS = YES;
				CLANG_WARN_DIRECT_OBJC_ISA_USAGE = YES_ERROR;
				CLANG_WARN_DOCUMENTATION_COMMENTS = YES;
				CLANG_WARN_EMPTY_BODY = YES;
				CLANG_WARN_ENUM_CONVERSION = YES;
				CLANG_WARN_INFINITE_RECURSION = YES;
				CLANG_WARN_INT_CONVERSION = YES;
				CLANG_WARN_NON_LITERAL_NULL_CONVERSION = YES;
				CLANG_WARN_OBJC_IMPLICIT_RETAIN_SELF = YES;
				CLANG_WARN_OBJC_LITERAL_CONVERSION = YES;
				CLANG_WARN_OBJC_ROOT_CLASS = YES_ERROR;
				CLANG_WARN_QUOTED_INCLUDE_IN_FRAMEWORK_HEADER = YES;
				CLANG_WARN_RANGE_LOOP_ANALYSIS = YES;
				CLANG_WARN_STRICT_PROTOTYPES = YES;
				CLANG_WARN_SUSPICIOUS_MOVE = YES;
				CLANG_WARN_UNGUARDED_AVAILABILITY = YES_AGGRESSIVE;
				CLANG_WARN_UNREACHABLE_CODE = YES;
				CLANG_WARN__DUPLICATE_METHOD_MATCH = YES;
				COPY_PHASE_STRIP = NO;
				DEBUG_INFORMATION_FORMAT = dwarf;
				ENABLE_STRICT_OBJC_MSGSEND = YES;
				ENABLE_TESTABILITY = YES;
				GCC_C_LANGUAGE_STANDARD = gnu11;
				GCC_DYNAMIC_NO_PIC = NO;
				GCC_NO_COMMON_BLOCKS = YES;
				GCC_OPTIMIZATION_LEVEL = 0;
				GCC_PREPROCESSOR_DEFINITIONS = (
					"DEBUG=1",
					"$(inherited)",
				);
				GCC_WARN_64_TO_32_BIT_CONVERSION = YES;
				GCC_WARN_ABOUT_RETURN_TYPE = YES_ERROR;
				GCC_WARN_UNDECLARED_SELECTOR = YES;
				GCC_WARN_UNINITIALIZED_AUTOS = YES_AGGRESSIVE;
				GCC_WARN_UNUSED_FUNCTION = YES;
				GCC_WARN_UNUSED_VARIABLE = YES;
				IPHONEOS_DEPLOYMENT_TARGET = 15.0;
				MTL_ENABLE_DEBUG_INFO = INCLUDE_SOURCE;
				MTL_FAST_MATH = YES;
				ONLY_ACTIVE_ARCH = YES;
				SDKROOT = iphoneos;
				SWIFT_ACTIVE_COMPILATION_CONDITIONS = DEBUG;
				SWIFT_OPTIMIZATION_LEVEL = "-Onone";
			};
			name = Debug;
		};
		C5BB079328499AAA00E60157 /* Release */ = {
			isa = XCBuildConfiguration;
			buildSettings = {
				ALWAYS_SEARCH_USER_PATHS = NO;
				CLANG_ANALYZER_NONNULL = YES;
				CLANG_ANALYZER_NUMBER_OBJECT_CONVERSION = YES_AGGRESSIVE;
				CLANG_CXX_LANGUAGE_STANDARD = "gnu++17";
				CLANG_ENABLE_MODULES = YES;
				CLANG_ENABLE_OBJC_ARC = YES;
				CLANG_ENABLE_OBJC_WEAK = YES;
				CLANG_WARN_BLOCK_CAPTURE_AUTORELEASING = YES;
				CLANG_WARN_BOOL_CONVERSION = YES;
				CLANG_WARN_COMMA = YES;
				CLANG_WARN_CONSTANT_CONVERSION = YES;
				CLANG_WARN_DEPRECATED_OBJC_IMPLEMENTATIONS = YES;
				CLANG_WARN_DIRECT_OBJC_ISA_USAGE = YES_ERROR;
				CLANG_WARN_DOCUMENTATION_COMMENTS = YES;
				CLANG_WARN_EMPTY_BODY = YES;
				CLANG_WARN_ENUM_CONVERSION = YES;
				CLANG_WARN_INFINITE_RECURSION = YES;
				CLANG_WARN_INT_CONVERSION = YES;
				CLANG_WARN_NON_LITERAL_NULL_CONVERSION = YES;
				CLANG_WARN_OBJC_IMPLICIT_RETAIN_SELF = YES;
				CLANG_WARN_OBJC_LITERAL_CONVERSION = YES;
				CLANG_WARN_OBJC_ROOT_CLASS = YES_ERROR;
				CLANG_WARN_QUOTED_INCLUDE_IN_FRAMEWORK_HEADER = YES;
				CLANG_WARN_RANGE_LOOP_ANALYSIS = YES;
				CLANG_WARN_STRICT_PROTOTYPES = YES;
				CLANG_WARN_SUSPICIOUS_MOVE = YES;
				CLANG_WARN_UNGUARDED_AVAILABILITY = YES_AGGRESSIVE;
				CLANG_WARN_UNREACHABLE_CODE = YES;
				CLANG_WARN__DUPLICATE_METHOD_MATCH = YES;
				COPY_PHASE_STRIP = NO;
				DEBUG_INFORMATION_FORMAT = "dwarf-with-dsym";
				ENABLE_NS_ASSERTIONS = NO;
				ENABLE_STRICT_OBJC_MSGSEND = YES;
				GCC_C_LANGUAGE_STANDARD = gnu11;
				GCC_NO_COMMON_BLOCKS = YES;
				GCC_WARN_64_TO_32_BIT_CONVERSION = YES;
				GCC_WARN_ABOUT_RETURN_TYPE = YES_ERROR;
				GCC_WARN_UNDECLARED_SELECTOR = YES;
				GCC_WARN_UNINITIALIZED_AUTOS = YES_AGGRESSIVE;
				GCC_WARN_UNUSED_FUNCTION = YES;
				GCC_WARN_UNUSED_VARIABLE = YES;
				IPHONEOS_DEPLOYMENT_TARGET = 15.0;
				MTL_ENABLE_DEBUG_INFO = NO;
				MTL_FAST_MATH = YES;
				SDKROOT = iphoneos;
				SWIFT_COMPILATION_MODE = wholemodule;
				SWIFT_OPTIMIZATION_LEVEL = "-O";
				VALIDATE_PRODUCT = YES;
			};
			name = Release;
		};
		C5BB079528499AAA00E60157 /* Debug */ = {
			isa = XCBuildConfiguration;
			baseConfigurationReference = 12E51CF3034F791DB3DFB09F /* Pods-busan.ios.debug.xcconfig */;
			buildSettings = {
				ASSETCATALOG_COMPILER_APPICON_NAME = AppIcon;
				ASSETCATALOG_COMPILER_GLOBAL_ACCENT_COLOR_NAME = AccentColor;
				CODE_SIGN_STYLE = Automatic;
				CURRENT_PROJECT_VERSION = 15;
				DEVELOPMENT_TEAM = 846UKFDJSH;
				GENERATE_INFOPLIST_FILE = YES;
				INFOPLIST_FILE = busan.ios/Info.plist;
				INFOPLIST_KEY_CFBundleDisplayName = Bickster;
				INFOPLIST_KEY_UIApplicationSupportsIndirectInputEvents = YES;
				INFOPLIST_KEY_UILaunchStoryboardName = LaunchScreen;
				INFOPLIST_KEY_UIMainStoryboardFile = Main;
				INFOPLIST_KEY_UISupportedInterfaceOrientations_iPad = "UIInterfaceOrientationPortrait UIInterfaceOrientationPortraitUpsideDown UIInterfaceOrientationLandscapeLeft UIInterfaceOrientationLandscapeRight";
				INFOPLIST_KEY_UISupportedInterfaceOrientations_iPhone = "UIInterfaceOrientationPortrait UIInterfaceOrientationLandscapeLeft UIInterfaceOrientationLandscapeRight";
				LD_RUNPATH_SEARCH_PATHS = (
					"$(inherited)",
					"@executable_path/Frameworks",
				);
				MARKETING_VERSION = 1.03;
				PRODUCT_BUNDLE_IDENTIFIER = "com.specialk.busan-ios";
				PRODUCT_NAME = "$(TARGET_NAME)";
				SWIFT_EMIT_LOC_STRINGS = YES;
				SWIFT_VERSION = 5.0;
				TARGETED_DEVICE_FAMILY = 1;
			};
			name = Debug;
		};
		C5BB079628499AAA00E60157 /* Release */ = {
			isa = XCBuildConfiguration;
			baseConfigurationReference = BE24C836F4E3E9D3BE07F407 /* Pods-busan.ios.release.xcconfig */;
			buildSettings = {
				ASSETCATALOG_COMPILER_APPICON_NAME = AppIcon;
				ASSETCATALOG_COMPILER_GLOBAL_ACCENT_COLOR_NAME = AccentColor;
				CODE_SIGN_STYLE = Automatic;
				CURRENT_PROJECT_VERSION = 15;
				DEVELOPMENT_TEAM = 846UKFDJSH;
				GENERATE_INFOPLIST_FILE = YES;
				INFOPLIST_FILE = busan.ios/Info.plist;
				INFOPLIST_KEY_CFBundleDisplayName = Bickster;
				INFOPLIST_KEY_UIApplicationSupportsIndirectInputEvents = YES;
				INFOPLIST_KEY_UILaunchStoryboardName = LaunchScreen;
				INFOPLIST_KEY_UIMainStoryboardFile = Main;
				INFOPLIST_KEY_UISupportedInterfaceOrientations_iPad = "UIInterfaceOrientationPortrait UIInterfaceOrientationPortraitUpsideDown UIInterfaceOrientationLandscapeLeft UIInterfaceOrientationLandscapeRight";
				INFOPLIST_KEY_UISupportedInterfaceOrientations_iPhone = "UIInterfaceOrientationPortrait UIInterfaceOrientationLandscapeLeft UIInterfaceOrientationLandscapeRight";
				LD_RUNPATH_SEARCH_PATHS = (
					"$(inherited)",
					"@executable_path/Frameworks",
				);
				MARKETING_VERSION = 1.03;
				PRODUCT_BUNDLE_IDENTIFIER = "com.specialk.busan-ios";
				PRODUCT_NAME = "$(TARGET_NAME)";
				SWIFT_EMIT_LOC_STRINGS = YES;
				SWIFT_VERSION = 5.0;
				TARGETED_DEVICE_FAMILY = 1;
			};
			name = Release;
		};
		C5BB079828499AAA00E60157 /* Debug */ = {
			isa = XCBuildConfiguration;
			baseConfigurationReference = 929477897B215F7ADBDFBBD1 /* Pods-busan.iosTests.debug.xcconfig */;
			buildSettings = {
				ALWAYS_EMBED_SWIFT_STANDARD_LIBRARIES = YES;
				BUNDLE_LOADER = "$(TEST_HOST)";
				CODE_SIGN_STYLE = Automatic;
				CURRENT_PROJECT_VERSION = 1;
				DEVELOPMENT_TEAM = 846UKFDJSH;
				GENERATE_INFOPLIST_FILE = YES;
				IPHONEOS_DEPLOYMENT_TARGET = 15.5;
				MARKETING_VERSION = 1.0;
				PRODUCT_BUNDLE_IDENTIFIER = "com.specialk.busan-iosTests";
				PRODUCT_NAME = "$(TARGET_NAME)";
				SWIFT_EMIT_LOC_STRINGS = NO;
				SWIFT_VERSION = 5.0;
				TARGETED_DEVICE_FAMILY = "1,2";
				TEST_HOST = "$(BUILT_PRODUCTS_DIR)/busan.ios.app/busan.ios";
			};
			name = Debug;
		};
		C5BB079928499AAA00E60157 /* Release */ = {
			isa = XCBuildConfiguration;
			baseConfigurationReference = F838A7A0257DC9B4C881793C /* Pods-busan.iosTests.release.xcconfig */;
			buildSettings = {
				ALWAYS_EMBED_SWIFT_STANDARD_LIBRARIES = YES;
				BUNDLE_LOADER = "$(TEST_HOST)";
				CODE_SIGN_STYLE = Automatic;
				CURRENT_PROJECT_VERSION = 1;
				DEVELOPMENT_TEAM = 846UKFDJSH;
				GENERATE_INFOPLIST_FILE = YES;
				IPHONEOS_DEPLOYMENT_TARGET = 15.5;
				MARKETING_VERSION = 1.0;
				PRODUCT_BUNDLE_IDENTIFIER = "com.specialk.busan-iosTests";
				PRODUCT_NAME = "$(TARGET_NAME)";
				SWIFT_EMIT_LOC_STRINGS = NO;
				SWIFT_VERSION = 5.0;
				TARGETED_DEVICE_FAMILY = "1,2";
				TEST_HOST = "$(BUILT_PRODUCTS_DIR)/busan.ios.app/busan.ios";
			};
			name = Release;
		};
		C5BB079B28499AAA00E60157 /* Debug */ = {
			isa = XCBuildConfiguration;
			baseConfigurationReference = 03E51F75F9303A15AFFBC90A /* Pods-busan.ios-busan.iosUITests.debug.xcconfig */;
			buildSettings = {
				ALWAYS_EMBED_SWIFT_STANDARD_LIBRARIES = YES;
				CODE_SIGN_STYLE = Automatic;
				CURRENT_PROJECT_VERSION = 1;
				DEVELOPMENT_TEAM = 846UKFDJSH;
				GENERATE_INFOPLIST_FILE = YES;
				MARKETING_VERSION = 1.0;
				PRODUCT_BUNDLE_IDENTIFIER = "com.specialk.busan-iosUITests";
				PRODUCT_NAME = "$(TARGET_NAME)";
				SWIFT_EMIT_LOC_STRINGS = NO;
				SWIFT_VERSION = 5.0;
				TARGETED_DEVICE_FAMILY = "1,2";
				TEST_TARGET_NAME = busan.ios;
			};
			name = Debug;
		};
		C5BB079C28499AAA00E60157 /* Release */ = {
			isa = XCBuildConfiguration;
			baseConfigurationReference = 6123B472B93D03CA018CD77C /* Pods-busan.ios-busan.iosUITests.release.xcconfig */;
			buildSettings = {
				ALWAYS_EMBED_SWIFT_STANDARD_LIBRARIES = YES;
				CODE_SIGN_STYLE = Automatic;
				CURRENT_PROJECT_VERSION = 1;
				DEVELOPMENT_TEAM = 846UKFDJSH;
				GENERATE_INFOPLIST_FILE = YES;
				MARKETING_VERSION = 1.0;
				PRODUCT_BUNDLE_IDENTIFIER = "com.specialk.busan-iosUITests";
				PRODUCT_NAME = "$(TARGET_NAME)";
				SWIFT_EMIT_LOC_STRINGS = NO;
				SWIFT_VERSION = 5.0;
				TARGETED_DEVICE_FAMILY = "1,2";
				TEST_TARGET_NAME = busan.ios;
			};
			name = Release;
		};
/* End XCBuildConfiguration section */

/* Begin XCConfigurationList section */
		C5BB076228499AA800E60157 /* Build configuration list for PBXProject "busan.ios" */ = {
			isa = XCConfigurationList;
			buildConfigurations = (
				C5BB079228499AAA00E60157 /* Debug */,
				C5BB079328499AAA00E60157 /* Release */,
			);
			defaultConfigurationIsVisible = 0;
			defaultConfigurationName = Release;
		};
		C5BB079428499AAA00E60157 /* Build configuration list for PBXNativeTarget "busan.ios" */ = {
			isa = XCConfigurationList;
			buildConfigurations = (
				C5BB079528499AAA00E60157 /* Debug */,
				C5BB079628499AAA00E60157 /* Release */,
			);
			defaultConfigurationIsVisible = 0;
			defaultConfigurationName = Release;
		};
		C5BB079728499AAA00E60157 /* Build configuration list for PBXNativeTarget "busan.iosTests" */ = {
			isa = XCConfigurationList;
			buildConfigurations = (
				C5BB079828499AAA00E60157 /* Debug */,
				C5BB079928499AAA00E60157 /* Release */,
			);
			defaultConfigurationIsVisible = 0;
			defaultConfigurationName = Release;
		};
		C5BB079A28499AAA00E60157 /* Build configuration list for PBXNativeTarget "busan.iosUITests" */ = {
			isa = XCConfigurationList;
			buildConfigurations = (
				C5BB079B28499AAA00E60157 /* Debug */,
				C5BB079C28499AAA00E60157 /* Release */,
			);
			defaultConfigurationIsVisible = 0;
			defaultConfigurationName = Release;
		};
/* End XCConfigurationList section */

/* Begin XCRemoteSwiftPackageReference section */
		C5404656284DABEE008D9B7E /* XCRemoteSwiftPackageReference "AlamofireImage" */ = {
			isa = XCRemoteSwiftPackageReference;
			repositoryURL = "https://github.com/Alamofire/AlamofireImage";
			requirement = {
				kind = upToNextMajorVersion;
				minimumVersion = 4.0.0;
			};
		};
/* End XCRemoteSwiftPackageReference section */

/* Begin XCSwiftPackageProductDependency section */
		C5404657284DABEE008D9B7E /* AlamofireImage */ = {
			isa = XCSwiftPackageProductDependency;
			package = C5404656284DABEE008D9B7E /* XCRemoteSwiftPackageReference "AlamofireImage" */;
			productName = AlamofireImage;
		};
/* End XCSwiftPackageProductDependency section */

/* Begin XCVersionGroup section */
		C5BB077328499AA800E60157 /* busan_ios.xcdatamodeld */ = {
			isa = XCVersionGroup;
			children = (
				C5BB077428499AA800E60157 /* busan_ios.xcdatamodel */,
			);
			currentVersion = C5BB077428499AA800E60157 /* busan_ios.xcdatamodel */;
			path = busan_ios.xcdatamodeld;
			sourceTree = "<group>";
			versionGroupType = wrapper.xcdatamodel;
		};
/* End XCVersionGroup section */
	};
	rootObject = C5BB075F28499AA800E60157 /* Project object */;
}
